
Microsoft Visual Studio Solution File, Format Version 12.00
# Visual Studio Version 17
VisualStudioVersion = 17.8.34330.188
MinimumVisualStudioVersion = 10.0.40219.1
Project("{9A19103F-16F7-4668-BE54-9A1E7A4F7556}") = "농림축산식품 공공데이터", "농림축산식품 공공데이터\농림축산식품 공공데이터.csproj", "{80FD796D-4706-4175-AA5B-E295EFFE6C97}"
EndProject
Project("{9A19103F-16F7-4668-BE54-9A1E7A4F7556}") = "Common", "..\..\CommonManagement\Common\Common.csproj", "{2B8FBA58-D0CC-47D9-BABA-D803FF315639}"
EndProject
Project("{9A19103F-16F7-4668-BE54-9A1E7A4F7556}") = "Test", "Test\Test.csproj", "{5ED1890F-0065-40F9-9072-F8F765F6874D}"
EndProject
Global
	GlobalSection(SolutionConfigurationPlatforms) = preSolution
		Debug|Any CPU = Debug|Any CPU
		Release|Any CPU = Release|Any CPU
	EndGlobalSection
	GlobalSection(ProjectConfigurationPlatforms) = postSolution
		{80FD796D-4706-4175-AA5B-E295EFFE6C97}.Debug|Any CPU.ActiveCfg = Debug|Any CPU
		{80FD796D-4706-4175-AA5B-E295EFFE6C97}.Debug|Any CPU.Build.0 = Debug|Any CPU
		{80FD796D-4706-4175-AA5B-E295EFFE6C97}.Release|Any CPU.ActiveCfg = Release|Any CPU
		{80FD796D-4706-4175-AA5B-E295EFFE6C97}.Release|Any CPU.Build.0 = Release|Any CPU
		{2B8FBA58-D0CC-47D9-BABA-D803FF315639}.Debug|Any CPU.ActiveCfg = Debug|Any CPU
		{2B8FBA58-D0CC-47D9-BABA-D803FF315639}.Debug|Any CPU.Build.0 = Debug|Any CPU
		{2B8FBA58-D0CC-47D9-BABA-D803FF315639}.Release|Any CPU.ActiveCfg = Release|Any CPU
		{2B8FBA58-D0CC-47D9-BABA-D803FF315639}.Release|Any CPU.Build.0 = Release|Any CPU
		{5ED1890F-0065-40F9-9072-F8F765F6874D}.Debug|Any CPU.ActiveCfg = Debug|Any CPU
		{5ED1890F-0065-40F9-9072-F8F765F6874D}.Debug|Any CPU.Build.0 = Debug|Any CPU
		{5ED1890F-0065-40F9-9072-F8F765F6874D}.Release|Any CPU.ActiveCfg = Release|Any CPU
		{5ED1890F-0065-40F9-9072-F8F765F6874D}.Release|Any CPU.Build.0 = Release|Any CPU
	EndGlobalSection
	GlobalSection(SolutionProperties) = preSolution
		HideSolutionNode = FALSE
	EndGlobalSection
	GlobalSection(ExtensibilityGlobals) = postSolution
		SolutionGuid = {2F66AEA3-385F-4DC0-83D0-D286A9AC7891}
	EndGlobalSection
EndGlobal
